
Microsoft Visual Studio Solution File, Format Version 12.00
# Visual Studio Version 16
VisualStudioVersion = 16.0.31019.35
MinimumVisualStudioVersion = 10.0.40219.1
Project("{FAE04EC0-301F-11D3-BF4B-00C04F79EFBC}") = "Temperatura", "Temperatura\Temperatura.csproj", "{731B570D-8C42-4914-A044-72680889DC0A}"
EndProject
Global
	GlobalSection(SolutionConfigurationPlatforms) = preSolution
		Debug|Any CPU = Debug|Any CPU
		Release|Any CPU = Release|Any CPU
	EndGlobalSection
	GlobalSection(ProjectConfigurationPlatforms) = postSolution
		{731B570D-8C42-4914-A044-72680889DC0A}.Debug|Any CPU.ActiveCfg = Debug|Any CPU
		{731B570D-8C42-4914-A044-72680889DC0A}.Debug|Any CPU.Build.0 = Debug|Any CPU
		{731B570D-8C42-4914-A044-72680889DC0A}.Release|Any CPU.ActiveCfg = Release|Any CPU
		{731B570D-8C42-4914-A044-72680889DC0A}.Release|Any CPU.Build.0 = Release|Any CPU
	EndGlobalSection
	GlobalSection(SolutionProperties) = preSolution
		HideSolutionNode = FALSE
	EndGlobalSection
	GlobalSection(ExtensibilityGlobals) = postSolution
		SolutionGuid = {40D1D9FB-F500-4252-BA42-90D2C7B6B15C}
	EndGlobalSection
EndGlobal
